
Microsoft Visual Studio Solution File, Format Version 12.00
# Visual Studio Version 17
VisualStudioVersion = 17.0.32014.148
MinimumVisualStudioVersion = 10.0.40219.1
Project("{FAE04EC0-301F-11D3-BF4B-00C04F79EFBC}") = "EulerProblems", "EulerProblems\EulerProblems.csproj", "{E01EA3A9-CCB0-4A4A-8934-C0631C00437F}"
EndProject
Global
	GlobalSection(SolutionConfigurationPlatforms) = preSolution
		Debug|Any CPU = Debug|Any CPU
		Release|Any CPU = Release|Any CPU
	EndGlobalSection
	GlobalSection(ProjectConfigurationPlatforms) = postSolution
		{E01EA3A9-CCB0-4A4A-8934-C0631C00437F}.Debug|Any CPU.ActiveCfg = Debug|Any CPU
		{E01EA3A9-CCB0-4A4A-8934-C0631C00437F}.Debug|Any CPU.Build.0 = Debug|Any CPU
		{E01EA3A9-CCB0-4A4A-8934-C0631C00437F}.Release|Any CPU.ActiveCfg = Release|Any CPU
		{E01EA3A9-CCB0-4A4A-8934-C0631C00437F}.Release|Any CPU.Build.0 = Release|Any CPU
	EndGlobalSection
	GlobalSection(SolutionProperties) = preSolution
		HideSolutionNode = FALSE
	EndGlobalSection
	GlobalSection(ExtensibilityGlobals) = postSolution
		SolutionGuid = {540090D9-1F5C-4D1B-861C-50CA4BA8A1E7}
	EndGlobalSection
EndGlobal
